
Microsoft Visual Studio Solution File, Format Version 12.00
# Visual Studio Version 17
VisualStudioVersion = 17.0.31521.260
MinimumVisualStudioVersion = 10.0.40219.1
Project("{FAE04EC0-301F-11D3-BF4B-00C04F79EFBC}") = "SimpleMessageHub", "SimpleMessageHub\SimpleMessageHub.csproj", "{035D06CD-977A-425B-9EC5-72F46F7E1B3E}"
EndProject
Project("{FAE04EC0-301F-11D3-BF4B-00C04F79EFBC}") = "SimpleMessageHub.Tests", "SimpleMessageHub.Tests\SimpleMessageHub.Tests.csproj", "{2EA1633A-6B30-4382-8CAF-94811B8EAFC4}"
EndProject
Global
	GlobalSection(SolutionConfigurationPlatforms) = preSolution
		Debug|Any CPU = Debug|Any CPU
		Release|Any CPU = Release|Any CPU
	EndGlobalSection
	GlobalSection(ProjectConfigurationPlatforms) = postSolution
		{035D06CD-977A-425B-9EC5-72F46F7E1B3E}.Debug|Any CPU.ActiveCfg = Debug|Any CPU
		{035D06CD-977A-425B-9EC5-72F46F7E1B3E}.Debug|Any CPU.Build.0 = Debug|Any CPU
		{035D06CD-977A-425B-9EC5-72F46F7E1B3E}.Release|Any CPU.ActiveCfg = Release|Any CPU
		{035D06CD-977A-425B-9EC5-72F46F7E1B3E}.Release|Any CPU.Build.0 = Release|Any CPU
		{2EA1633A-6B30-4382-8CAF-94811B8EAFC4}.Debug|Any CPU.ActiveCfg = Debug|Any CPU
		{2EA1633A-6B30-4382-8CAF-94811B8EAFC4}.Debug|Any CPU.Build.0 = Debug|Any CPU
		{2EA1633A-6B30-4382-8CAF-94811B8EAFC4}.Release|Any CPU.ActiveCfg = Release|Any CPU
		{2EA1633A-6B30-4382-8CAF-94811B8EAFC4}.Release|Any CPU.Build.0 = Release|Any CPU
	EndGlobalSection
	GlobalSection(SolutionProperties) = preSolution
		HideSolutionNode = FALSE
	EndGlobalSection
	GlobalSection(ExtensibilityGlobals) = postSolution
		SolutionGuid = {9839C024-38D3-4191-B18B-82A64B0416CC}
	EndGlobalSection
EndGlobal
